
Microsoft Visual Studio Solution File, Format Version 12.00
# Visual Studio Version 17
VisualStudioVersion = 17.5.33414.496
MinimumVisualStudioVersion = 10.0.40219.1
Project("{FAE04EC0-301F-11D3-BF4B-00C04F79EFBC}") = "TcpServerTest", "TcpServerTest\TcpServerTest.csproj", "{32DB705C-F590-4A52-900D-774452D52FFC}"
EndProject
Global
	GlobalSection(SolutionConfigurationPlatforms) = preSolution
		Debug|Any CPU = Debug|Any CPU
		Release|Any CPU = Release|Any CPU
	EndGlobalSection
	GlobalSection(ProjectConfigurationPlatforms) = postSolution
		{32DB705C-F590-4A52-900D-774452D52FFC}.Debug|Any CPU.ActiveCfg = Debug|Any CPU
		{32DB705C-F590-4A52-900D-774452D52FFC}.Debug|Any CPU.Build.0 = Debug|Any CPU
		{32DB705C-F590-4A52-900D-774452D52FFC}.Release|Any CPU.ActiveCfg = Release|Any CPU
		{32DB705C-F590-4A52-900D-774452D52FFC}.Release|Any CPU.Build.0 = Release|Any CPU
	EndGlobalSection
	GlobalSection(SolutionProperties) = preSolution
		HideSolutionNode = FALSE
	EndGlobalSection
	GlobalSection(ExtensibilityGlobals) = postSolution
		SolutionGuid = {4EC43E74-D5F6-43C4-8672-496BB2D49CFE}
	EndGlobalSection
EndGlobal
